
Microsoft Visual Studio Solution File, Format Version 12.00
# Visual Studio 15
VisualStudioVersion = 15.0.28307.329
MinimumVisualStudioVersion = 10.0.40219.1
Project("{FAE04EC0-301F-11D3-BF4B-00C04F79EFBC}") = "BioPhysics", "BioPhysics\BioPhysics.csproj", "{10E9246B-DC89-413D-B0C5-D6F987BA34C9}"
EndProject
Project("{FAE04EC0-301F-11D3-BF4B-00C04F79EFBC}") = "HumanBody", "HumanBody\HumanBody.csproj", "{BC16E115-B421-4D79-B14D-702185FC992D}"
EndProject
Global
	GlobalSection(SolutionConfigurationPlatforms) = preSolution
		Debug|Any CPU = Debug|Any CPU
		Release|Any CPU = Release|Any CPU
	EndGlobalSection
	GlobalSection(ProjectConfigurationPlatforms) = postSolution
		{10E9246B-DC89-413D-B0C5-D6F987BA34C9}.Debug|Any CPU.ActiveCfg = Debug|Any CPU
		{10E9246B-DC89-413D-B0C5-D6F987BA34C9}.Debug|Any CPU.Build.0 = Debug|Any CPU
		{10E9246B-DC89-413D-B0C5-D6F987BA34C9}.Release|Any CPU.ActiveCfg = Release|Any CPU
		{10E9246B-DC89-413D-B0C5-D6F987BA34C9}.Release|Any CPU.Build.0 = Release|Any CPU
		{BC16E115-B421-4D79-B14D-702185FC992D}.Debug|Any CPU.ActiveCfg = Debug|Any CPU
		{BC16E115-B421-4D79-B14D-702185FC992D}.Debug|Any CPU.Build.0 = Debug|Any CPU
		{BC16E115-B421-4D79-B14D-702185FC992D}.Release|Any CPU.ActiveCfg = Release|Any CPU
		{BC16E115-B421-4D79-B14D-702185FC992D}.Release|Any CPU.Build.0 = Release|Any CPU
	EndGlobalSection
	GlobalSection(SolutionProperties) = preSolution
		HideSolutionNode = FALSE
	EndGlobalSection
	GlobalSection(ExtensibilityGlobals) = postSolution
		SolutionGuid = {7C89DB17-C543-4691-B64F-8A9B0F6A7B12}
	EndGlobalSection
EndGlobal
